{
  "name": "meli-chatgpt-business-mcp",
  "version": "1.0.0",
  "lockfileVersion": 3,
  "requires": true,
  "packages": {
    "": {
      "name": "meli-chatgpt-business-mcp",
      "version": "1.0.0",
      "dependencies": {
        "@modelcontextprotocol/sdk": "^1.17.3",
        "dotenv": "^17.2.1",
        "exceljs": "^4.4.0",
        "express": "^5.1.0",
        "zod": "^3.25.76"
      },
      "devDependencies": {
        "@types/express": "^5.0.3",
        "@types/node": "^24.2.1",
        "tsx": "^4.20.3",
        "typescript": "^5.9.2",
        "vitest": "^3.2.4"
      },
      "engines": {
        "node": ">=20"
      }
    },
    "node_modules/@esbuild/aix-ppc64": {
      "version": "0.28.2",
      "resolved": "https://registry.npmjs.org/@esbuild/aix-ppc64/-/aix-ppc64-0.28.2.tgz",
      "integrity": "sha512-XExcO+dvLKvVtNTibSTBej1NCAbaGhWn9Ww1ZPx80qsahhPFe/8jgWP0IchNe0F3HwkU7n8ejhH8bjonqht8mQ==",
      "cpu": [
        "ppc64"
      ],
      "dev": true,
      "license": "MIT",
      "optional": true,
      "os": [
        "aix"
      ],
      "engines": {
        "node": ">=18"
      }
    },
    "node_modules/@esbuild/android-arm": {
      "version": "0.28.2",
      "resolved": "https://registry.npmjs.org/@esbuild/android-arm/-/android-arm-0.28.2.tgz",
      "integrity": "sha512-kXXoiPVVGQcnIYGOeaovwOURpniDBpSq4A03qkQ+BMQqtGG6HYap3xne9C1O1yo4TR3qxlCX5IqqmX6fFo2Lqg==",
      "cpu": [
        "arm"
      ],
      "dev": true,
      "license": "MIT",
      "optional": true,
      "os": [
        "android"
      ],
      "engines": {
        "node": ">=18"
      }
    },
    "node_modules/@esbuild/android-arm64": {
      "version": "0.28.2",
      "resolved": "https://registry.npmjs.org/@esbuild/android-arm64/-/android-arm64-0.28.2.tgz",
      "integrity": "sha512-5YfKeeI8qWfBZIX+u2xZC3Zlb3Os/gLS2sbEKM+I4ZOcsWmHS2WLysCcQZDAFRslDUU5Oiq44gf6PYN1vGwG5A==",
      "cpu": [
        "arm64"
      ],
      "dev": true,
      "license": "MIT",
      "optional": true,
      "os": [
        "android"
      ],
      "engines": {
        "node": ">=18"
      }
    },
    "node_modules/@esbuild/android-x64": {
      "version": "0.28.2",
      "resolved": "https://registry.npmjs.org/@esbuild/android-x64/-/android-x64-0.28.2.tgz",
      "integrity": "sha512-O387ite7SzUyCcy3JQX4P4bLtEA7bLLkx+esve5JHnyYfNTxcVpXZo9jhdB0lTKN44gztELTdU7nS8Nr16Fs1Q==",
      "cpu": [
        "x64"
      ],
      "dev": true,
      "license": "MIT",
      "optional": true,
      "os": [
        "android"
      ],
      "engines": {
        "node": ">=18"
      }
    },
    "node_modules/@esbuild/darwin-arm64": {
      "version": "0.28.2",
     9Яm{¶‰ћЛkєwµзKИ\ШЬљ\[ЫЋ€	Р[[^H\љ[ЬИЫЫ\\X›\И™[][ќ\ИH™XЫЫZY[™H™XЪ[ЬИЪ[€[YЪ\€ЫЫИ[pи\И\]Л‰Л[њ]ШЪ[XN€ИЫЫ\\X›\О€‹\њ^J‹›Шљ™XЭ
ИY€‹њЭљ[™К
K]N€‹њЭљ[™К
KљXЩN€‹›ќ[X™\Љ
KњЬЪ]]™J
K™[][ЩTШЫЬ™N€‹›ќ[X™\Љ
K™Y][
JKЫЫ]X[ќ]N€‹›ќ[X™\Љ
K›Ь[Ы[

HJJK›Z[ЉКHK[››Э][ЫњО€™XYЫ›HK\Ю[И
ИЫЫ\\X›\ИJHO€ЪК[[^™TљXЩ\КЫЫ\\X›\КJJNВ‚€Щ\ќ™\‹њ™YЪ\Э\•ЫЫ
	ЫY[WЩЩ]ШШ]YЫЬћIЛИ\ШЬљ\[ЫЋ€	Ф™YXЩHHШ]YЫЬ°лXHSHЩљXЪX[H\ќ\€[0л][Л‰Л[њ]ШЪ[XN€И]N€‹њЭљ[™К
K›Z[ЉКHK[››Э][ЫњО€™XYЫ›HK\Ю[И
И]HJHO€ЪК]ШZ]ЫY[ќњ™YXЭШ]YЫЬћJ]JJJNВ‚€Щ\ќ™\‹њ™YЪ\Э\•ЫЫ
	ЫY[WЩЩ]Ь™\]Z\™YШ]љXќ]\ЙЛИ\ШЬљ\[ЫЋ€	РЫЫњЭ[H]љXќ]ЬИHHШ]YЫЬ°лXHH]XЭHШ›YШ]Ьљ[ЬИ[[ќ\Л‰Л[њ]ШЪ[XN€ИШ]YЫЬћWЪY€‹њЭљ[™К
K›ЭљYYШ]љXќ]\О€‹\њ^J‹›Шљ™XЭ
ИY€‹њЭљ[™К
K[YWЫ[YN€‹њЭљ[™К
K›Ь[Ы[

K[YWЪY€‹њЭљ[™К
K›Ь[Ы[

HJJK™Y][
ЧJHK[››Э][ЫњО€™XYЫ›HK\Ю[И
ИШ]YЫЬћWЪY›ЭљYYШ]љXќ]\ИJHO€В€ЫЫњЭ[H]ШZ]ЫY[ќШ]YЫЬћP]љXќ]\КШ]YЫЬћWЪY
NВ€ЫЫњЭ™\]Z\™YH[™љ[\Љ
N€[ћJHO€KќYЬПЛњ™\]Z\™YKќYЬПЛШ][ЩЧЬ™\]Z\™YKќYЬПЛЫЫ™][Ы[Ь™\]Z\™Y
NВ€ЫЫњЭЭ\YYH™]ИЩ]
›ЭљYYШ]љXќ]\Л™љ[\Љ

HO€ќ[YWЪYќ[YWЫ[YJK›X\


HO€љY
JNВ€™]\›€ЪКИШ]YЫЬћWЪY™\]Z\™YZ\ЬЪ[™О€™\]Z\™Y™љ[\Љ
N€[ћJHO€\Э\YYљ\КKљY
JK›X\

N€[ћJHO€
ИY€KљY[YN€K›[YK[Y\О€Kќ[Y\ИJJHJNВ€JNВ‚€ЫЫњЭ\Э[X]R[њ]HИљXЩN€‹›ќ[X™\Љ
KњЬЪ]]™J
KШ]YЫЬћWЪY€‹њЭљ[™К
K\Э[™ЧЭ\WЪY€‹™[ќ[JЙЩЫЫЬЬXЪX[	Л	ЩЫЫЬ›ЙЧJKњ™YWЬЪ\[™О€‹›ЫЫX[Љ
K™Y][
[ЩJK[Y[њЪ[ЫњО€‹њЭљ[™К
K›Ь[Ы[

KЩЪ\ЭXЧЭ\N€‹њЭљ[™К
K›Ь[Ы[

K›ЩXЭШЫЬЭ€‹›ќ[X™\Љ
K››Ы›™YШ]]™J
K›Ь[Ы[

KЭ\—ШЫЬЭО€‹›ќ[X™\Љ
K››Ы›™YШ]]™J
K™Y][

HNВ€Щ\ќ™\‹њ™YЪ\Э\•ЫЫ
	ЫY[WЩ\Э[X]WЬШ[IЛИ\ШЬљ\[ЫЋ€	РШ[Э[HШ\™ЫЬИЩљXЪX[\ИЫЫњЭ[X›\Л™]Иљ\ЪX›KШ[[ЪXHHX\™Щ[‹€ЩpмX[HЫЬЭЬИ[ЪY\ќЬЛ‰Л[њ]ШЪ[XN€\Э[X]R[њ][››Э][ЫњО€™XYЫ›HK\Ю[И
JHO€В€ЫЫњЭЫЬЭИH]ШZ]ЫY[ќЫЬЭКKњљXЩKKШ]YЫЬћWЪYK›\Э[™ЧЭ\WЪYИњ™YN€K™њ™YWЬЪ\[™Л[Y[њЪ[ЫњО€K™[Y[њЪ[ЫњЛЩЪ\ЭXХ\N€K›ЩЪ\ЭXЧЭ\HJNИЫЬЭЛ›Э\€
ПHK›Э\—ШЫЬЭОВ€ЫЫњЭHH\Э[X]JKњљXЩKЫЬЭЛKњ›ЩXЭШЫЬЭ
NВ€™]\›€ЪКИ‹‹™KЭ[[X\ћN€И	Ф™XЪ[ИX›XШYЙО€KњX›\ЪYљXЩK	РШ\™ЫЬИY\ШYИXњ™IО€ЫЬЭЛњШ[Q™YH
ИЫЬЭЛ™љ^Y™YK	С[ќ°л[ИHШ\™ЫИ™[™YЬ‰О€ЫЬЭЛњЪ\[™Л	РЫЬЭИљ[[ЪY\›ЙО€ЫЬЭЛ™љ[[Ъ[™Л	УЭ›ЬИШ\™ЫЬЙО€ЫЬЭЛ›Э\‹	У‘UИTХSPQИHУР”ђT‰О€K›™]KШ\›љ[™ЬО€ЫЬЭЛќ[љЫ›ЭЫ€JNВ€JNВ‚€Щ\ќ™\‹њ™YЪ\Э\•ЫЫ
	ЫY[WЩЩ[™\]WЬљXЩWЭ\љX[ќЙЛИ\ШЬљ\[ЫЋ€	РШ[Э[H\ЩKЭ[Э\Л[ќ°л[ИЬ]\ИH[X›ЬИ\HЫЫњЩ\ќ\€[Z\Ы[И™]ЛЪY[\™H™YЫ™X[™ИXЪXH\њљXK‰Л[њ]ШЪ[XN€И\ЩWЬљXЩN€‹›ќ[X™\Љ
KњЬЪ]]™J
KШ]YЫЬћWЪY€‹њЭљ[™К
K[Y[њЪ[ЫњО€‹њЭљ[™К
K›Ь[Ы[

KЩЪ\ЭXЧЭ\N€‹њЭљ[™К
K›Ь[Ы[

HK[››Э][ЫњО€™XYЫ›HK\Ю[И
JHO€В€ЫЫњЭ\ЩPЫЬЭИH]ШZ]ЫY[ќЫЬЭКK\ЩWЬљXЩKKШ]YЫЬћWЪY	ЩЫЫЬЬXЪX[	ЛИњ™YN€[ЩHJNВ€ЫЫњЭ\™Щ]H\Э[X]JK\ЩWЬљXЩK\ЩPЫЬЭКK›™]В€ЫЫњЭ\љX[ќИH]ШZ]›ЫZ\ЩK[
В€ЙШ\ЩIЛ	ЩЫЫЬЬXЪX[	Л[ЩWKЙЪ[њЭ[Y[ќЙЛ	ЩЫЫЬ›ЙЛ[ЩWKЙЩњ™YWЬЪ\[™ЙЛ	ЩЫЫЬЬXЪX[	ЛќYWKЙЪ[њЭ[Y[ќЧШ[™ЬЪ\[™ЙЛ	ЩЫЫЬ›ЙЛќYWB€K›X\
\Ю[И
Ы[YK\Э[™Лњ™YWJHO€
И[YK‹‹Љ]ШZ]љXЩQ›Ь•\™Щ]™]
\™Щ]

HO€ЫY[ќЫЬЭКKШ]YЫЬћWЪY\Э[™И\И\Э[™Х\KИњ™YN€›ЫЫX[Љњ™YJK[Y[њЪ[ЫњО€K™[Y[њЪ[ЫњЛЩЪ\ЭXХ\N€K›ЩЪ\ЭXЧЭ\HJJJHJJJNВ€™]\›€ЪКИ\™Щ]Ы™]€\™Щ]ќ[N€	РШYH™]И\ИYЭX[ИX^[Ь€[Шљ™]]›ОИќ[ШHY[›Ь‹‰Л\љX[ќИJNВ€JNВ‚€ЫЫњЭYќШЪ[XHHИ]N€‹њЭљ[™К
K›Z[ЉКK›X^
Њ
KШ]YЫЬћWЪY€‹њЭљ[™К
KљXЩN€‹›ќ[X™\Љ
KњЬЪ]]™J
KЭШЪО€‹›ќ[X™\Љ
Kљ[ќ

KњЬЪ]]™J
K\Э[™ЧЭ\WЪY€‹™[ќ[JЙЩЫЫЬЬXЪX[	Л	ЩЫЫЬ›ЙЧJKњ™YWЬЪ\[™О€‹›ЫЫX[Љ
K™Y][
[ЩJKXЭ\™\О€‹\њ^J‹њЭљ[™К
Kќ\›

JK›Z[ЉJK]љXќ]\О€‹\њ^J‹›Шљ™XЭ
ИY€‹њЭљ[™К
K[YWЫ[YN€‹њЭљ[™К
K›Ь[Ы[

K[YWЪY€‹њЭљ[™К
K›Ь[Ы[

HJJK™Y][
ЧJK\ШЬљ\[ЫЋ€‹њЭљ[™К
K›Ь[Ы[

K[Z[WЫ[YN€‹њЭљ[™К
K›Ь[Ы[

K›ЩXЭШЫЬЭ€‹›ќ[X™\Љ
K››Ы›™YШ]]™J
K›Ь[Ы[

K[Y[њЪ[ЫњО€‹њЭљ[™К
K›Ь[Ы[

KЩЪ\ЭXЧЭ\N€‹њЭљ[™К
K›Ь[Ы[

HNВ€Щ\ќ™\‹њ™YЪ\Э\•ЫЫ
	ЫY[WЬ™\\™WЫ\Э[™ЙЛИ\ШЬљ\[ЫЋ€	СЩ[™\H[Hљ\ЭH™]љXHЫЫ\]H“Ф”ђQФ€H“ИP“PРQИH[YH]љXќ]ЬЛШЫЬЭЬЛ‰Л[њ]ШЪ[XN€YќШЪ[XK[››Э][ЫњО€™XYЫ›HK\Ю[И
JHO€В€ЫЫњЭ]њИH]ШZ]ЫY[ќШ]YЫЬћP]љXќ]\КKШ]YЫЬћWЪY
NИЫЫњЭЭ\YYH™]ИЩ]
K]љXќ]\Л™љ[\Љ

HO€ќ[YWЪYќ[YWЫ[YJK›X\


HO€љY
JNВ€ЫЫњЭZ\ЬЪ[™ИH]њЛ™љ[\Љ
€[ћJHO€
ќYЬПЛњ™\]Z\™YќYЬПЛШ][ЩЧЬ™\]Z\™Y
H	‰€\Э\YYљ\КљY
JK›X\

€[ћJHO€
ИY€љY[YN€›[YHJJNВ€ЫЫњЭЫЬЭИH]ШZ]ЫY[ќЫЬЭКKњљXЩKKШ]YЫЬћWЪYK›\Э[™ЧЭ\WЪYИњ™YN€K™њ™YWЬЪ\[™Л[Y[њЪ[ЫњО€K™[Y[њЪ[ЫњЛЩЪ\ЭXХ\N€K›ЩЪ\ЭXЧЭ\HJNВ€ЫЫњЭШ[HH\Э[X]JKњљXЩKЫЬЭЛKњ›ЩXЭШЫЬЭ
NВ€ЫЫњЭYќ€\Э[™СYќHИ]N€Kќ]K[Z[WЫ[YN€K™[Z[WЫ[YKШ]YЫЬћWЪY€KШ]YЫЬћWЪYљXЩN€KњљXЩKЭ\њ™[ЮWЪY€	РT”ЙЛ]Z[X›WЬ]X[ќ]N€KњЭШЪЛќ^Z[™ЧЫ[ЩN€	Шќ^WЪ]Ы›ЭЙЛ\Э[™ЧЭ\WЪY€K›\Э[™ЧЭ\WЪY]љXќ]\О€K]љXќ]\ЛXЭ\™\О€KњXЭ\™\Л›X\

ЫЭ\ЩJHO€
ИЫЭ\ЩHJJKЪ\[™О€И[ЩN€	ЫYL‰Лњ™YWЬЪ\[™О€K™њ™YWЬЪ\[™ИK\ШЬљ\[ЫЋ€K™\ШЬљ\[Ы€ИИZ[—Э^€K™\ШЬљ\[Ы€H€[™Yљ[™YNВ€™]\›€ЪКИЭ]\О€	Р“Ф”ђQФ€H“ИP“PРQЙЛШ[—ЬX›\Ъ€Z\ЬЪ[™Л›[™ЭOOH	‰€ЫЬЭЛќ[љЫ›ЭЫ‹›[™ЭOOHZ\ЬЪ[™ЧЬ™\]Z\™YШ]љXќ]\О€Z\ЬЪ[™ЛШ\›љ[™ЬО€ЫЬЭЛќ[љЫ›ЭЫ‹YќЭ[[X\ћN€И	Ф‘PТSИUQH‘HSУУTђQФ‰О€Ш[KњX›\ЪYљXЩK	ХХSHРT‘УФИTХSPQФЙО€Ш[KќЭ[Ъ\™Щ\Л	У‘UИTХSPQИUQHУР”°аTЙО€Ш[K›™]	СРSђSђТPHTХSPQIО€Ш[Kњ›Щљ]	УPT‘СS€	IО€Ш[K›X\™Ъ[”\Щ[ќTХQО€	Р“Ф”ђQФ€H“ИP“PРQЙИHJNВ€JNВ‚€Щ\ќ™\‹њ™YЪ\Э\•ЫЫ
	ЫY[WШЬ™X]WЫ\Э[™ЙЛИ\ШЬљ\[ЫЋ€	ФP“PРH™X[Y[ќK€›Ь]YXYHШ[›ИЫЫ™љ\›YY]ќYHH[XњHP“PРT‹€\Ш\€ЫЫИ\Иљ\ЭH™]љXK‰Л[њ]ШЪ[XN€ИYќ€‹›Шљ™XЭ
И]N€‹њЭљ[™К
KШ]YЫЬћWЪY€‹њЭљ[™К
KљXЩN€‹›ќ[X™\Љ
KЭ\њ™[ЮWЪY€‹›]\[
	РT”ЙКK]Z[X›WЬ]X[ќ]N€‹›ќ[X™\Љ
Kљ[ќ

Kќ^Z[™ЧЫ[ЩN€‹›]\[
	Шќ^WЪ]Ы›ЭЙКK\Э[™ЧЭ\WЪY€‹™[ќ[JЙЩЫЫЬЬXЪX[	Л	ЩЫЫЬ›ЙЧJK]љXќ]\О€‹\њ^J‹[ћJ
JKXЭ\™\О€‹\њ^J‹[ћJ
JKЪ\[™О€‹[ћJ
K\ШЬљ\[ЫЋ€‹[ћJ
K›Ь[Ы[

K[Z[WЫ[YN€‹њЭљ[™К
K›Ь[Ы[

HJKЫЫ™љ\›YY€‹›ЫЫX[Љ
KЫЫ™љ\›X][Ы—ЭЫЬ™€‹њЭљ[™К
HK[››Э][ЫњО€\ЭќXЭ]™HK\Ю[И
ИYќЫЫ™љ\›YYЫЫ™љ\›X][Ы—ЭЫЬ™JHO€ИЫЫ™љ\›JЫЫ™љ\›YYЫЫ™љ\›X][Ы—ЭЫЬ™
NИ™]\›€ЪК]ШZ]ЫY[ќЬ™X]S\Э[™КYќ\И\Э[™СYќ
JNИJNВ‚€Щ\ќ™\‹њ™YЪ\Э\•ЫЫ
	ЫY[WЭ\]WЫ\Э[™ЙЛИ\ШЬљ\[ЫЋ€	РXЭX[^H™XЪ[ЛЭШЪЛ]љXќ]ЬИИ\ЭYЛ€ЪY[\™H^YЩHP“PРT‹‰Л[њ]ШЪ[XN€И][WЪY€‹њЭљ[™К
KЪ[™Щ\О€‹њ™XЫЬ™
‹ќ[љЫ›ЭЫЉ
JKЫЫ™љ\›YY€‹›ЫЫX[Љ
KЫЫ™љ\›X][Ы—ЭЫЬ™€‹њЭљ[™К
HK[››Э][ЫњО€\ЭќXЭ]™HK\Ю[И
И][WЪYЪ[™Щ\ЛЫЫ™љ\›YYЫЫ™љ\›X][Ы—ЭЫЬ™JHO€ИЫЫ™љ\›JЫЫ™љ\›YYЫЫ™љ\›X][Ы—ЭЫЬ™
NИ™]\›€ЪК]ШZ]ЫY[ќќ\]S\Э[™К][WЪYЪ[™Щ\КJNИJNВ€Щ\ќ™\‹њ™YЪ\Э\•ЫЫ
	ЫY[WЬ]\ЩWЫ\Э[™ЙЛИ\ШЬљ\[ЫЋ€	Ф]\ШH[HX›XШXЪpмЫ€›ЬXK€ЪY[\™H^YЩHP“PРT‹‰Л[њ]ШЪ[XN€И][WЪY€‹њЭљ[™К
KЫЫ™љ\›YY€‹›ЫЫX[Љ
KЫЫ™љ\›X][Ы—ЭЫЬ™€‹њЭљ[™К
HK[››Э][ЫњО€\ЭќXЭ]™HK\Ю[И
И][WЪYЫЫ™љ\›YYЫЫ™љ\›X][Ы—ЭЫЬ™JHO€ИЫЫ™љ\›JЫЫ™љ\›YYЫЫ™љ\›X][Ы—ЭЫЬ™
NИ™]\›€ЪК]ШZ]ЫY[ќќ\]S\Э[™К][WЪYИЭ]\О€	Ь]\ЩY	ИJJNИJNВ€Щ\ќ™\‹њ™YЪ\Э\•ЫЫ
	ЫY[WЩЩ]Ы\Э[™ЙЛИ\ШЬљ\[ЫЋ€	РЫЫњЭ[H[HX›XШXЪpмЫ€›ЬXK‰Л[њ]ШЪ[XN€И][WЪY€‹њЭљ[™К
HK[››Э][ЫњО€™XYЫ›HK\Ю[И
И][WЪYJHO€ЪК]ШZ]ЫY[ќ™Щ]\Э[™К][WЪY
JJNВ€Щ\ќ™\‹њ™YЪ\Э\•ЫЫ
	ЫY[WЫ\ЭЫ^WЫ\Э[™ЬЙЛИ\ШЬљ\[ЫЋ€	У\ЭHX›XШXЪ[Ы™\И[™[™YЬ€ЫЫ™XЭYЛ‰Л[њ]ШЪ[XN€ИЭ]\О€‹™[ќ[JЙШXЭ]™IЛ	Ь]\ЩY	Л	ШЫЬЩY	ЧJK›Ь[Ы[

HK[››Э][ЫњО€™XYЫ›HK\Ю[И
ИЭ]\ИJHO€ЪК]ШZ]ЫY[ќ›\ЭZ[™JЭ]\КJJNВ‚€Щ\ќ™\‹њ™YЪ\Э\•ЫЫ
	ЫY[WЬ›ШЩ\ЬЧЩ^Щ[	ЛИ\ШЬљ\[ЫЋ€	УYH^Щ[Ц\ЩMЌ›Ь›X[^HЫЫ[[\ИЬЪ[Ы[\ИH]ќY[™H›ЬњYЬ™\ОИќ[ШHX›XШK‰Л[њ]ШЪ[XN€Иљ[[[YN€‹њЭљ[™К
KЫЫќ[ќШ\ЩMЌ€‹њЭљ[™К
HK[››Э][ЫњО€™XYЫ›HK\Ю[И
Иљ[[[YKЫЫќ[ќШ\ЩMЌJHO€В€Y€
Yљ[[[YKќУЭЩ\ђШ\ЩJ
K™[™ХЪ]
	ЛћЮ	КJH›ЭИ™]И\њ›ЬЉ	ФЫЫИЩHYZ]HћЮ	КNВ€ЫЫњЭћ]\ИHќY™™\‹™њ›ЫJЫЫќ[ќШ\ЩMЌ	Ш\ЩMЌ	КNИY€
ћ]\Л›[™Э€L
€LЌ
€LЌ
H›ЭИ™]И\њ›ЬЉ	С[^Щ[Э\\HLP‰КNВ€ЫЫњЭЫЬљШ›ЫЪИH™]И^Щ[”Л•ЫЬљШ›ЫЪК
NИ]ШZ]ЫЬљШ›ЫЪЛћЮ›ШY
ћ]\И\И[љЫ›ЭЫ€\И^Щ[”ЛђќY™™\ЉNИЫЫњЭЪY]HЫЬљШ›ЫЪЛќЫЬљЬЪY]ЦМNИY€
\ЪY]
H›ЭИ™]И\њ›ЬЉ	С^Щ[Ъ[€Ъ\ЙКNВ€ЫЫњЭXY\њИH
ЪY]™Щ]›ЭКJKќ[Y\И\И[љЫ›ЭЫ–ЧJKњЫXЩJJK›X\


HO€Эљ[™КПИ	ЙКKќљ[J
JNВ€ЫЫњЭ›ЭЬО€™XЫЬ™Эљ[™Л[љЫ›ЭЫЏ–ЧHHЧNИЪY]™XXЪ›ЭК
›ЭЛќ[X™\ЉHO€ИY€
ќ[X™\€OOHJH™]\›ЋИЫЫњЭ[Y\ИH
›ЭЛќ[Y\И\И[љЫ›ЭЫ–ЧJKњЫXЩJJNИЫЫњЭ™XЫЬ™€™XЫЬ™Эљ[™Л[љЫ›ЭЫЏ€HЯNИXY\њЛ™›Ь‘XXЪ

JHO€И™XЫЬ™ЪHH[Y\ЦЪWHПИ	ЙОИJNИ›ЭЬЛњ\Ъ
™XЫЬ™
NИJNВ€ЫЫњЭ[X\Щ\О€™XЫЬ™Эљ[™ЛЭљ[™П€HИЪЭN€	ЬЪЭIЛ›ЩXЭО€	Ь›ЩXЭ	Л\ШЬљ\Ъ[ЫЋ€	Щ\ШЬљ\[Ы‰ЛYYYN€	ЫYX\Э\™[Y[ќЙЛX]\љX[€	ЫX]\љX[	ЛЫЫЬЋ€	ШЫЫЬ‰ЛЭШЪО€	ЬЭШЪЙЛЫЬЭО€	ШЫЬЭ	Л	Ь™XЪ[И\ЩXYЙО€	Щ\Ъ\™YЬљXЩIЛX\ШN€	Шњ[™	Л[XYЩ[Ћ€	Ъ[XYЩIИNВ€ЫЫњЭ›ЩXЭИH›ЭЬЛ›X\

›ЭЛ[™^
HO€ИЫЫњЭ›Ь›X[^™Y€™XЫЬ™Эљ[™Л[љЫ›ЭЫЏ€HИ›ЭО€[™^
И€NИ›Ь€
ЫЫњЭЪЩ^K[YWHЩ€Шљ™XЭ™[ќљY\К›ЭКJH›Ь›X[^™YШ[X\Щ\ЦЪЩ^KќУЭЩ\ђШ\ЩJ
Kќљ[J
WHПИЩ^WHH[YNИЫЫњЭZ\ЬЪ[™ИHЙЬ›ЩXЭ	Л	ЬЭШЪЙЧK™љ[\Љ
КHO€[›Ь›X[^™YЪЧJNИ™]\›€И‹‹››Ь›X[^™YZ\ЬЪ[™ИNИJNВ€™]\›€ЪКИЭ]\О€	Р“Ф”ђQФ‘TИH“ИP“PРQФЙЛЪY]€ЪY]›[YKЫЭ[ќ€›ЩXЭЛ›[™Э›ЩXЭЛЫЫ™љ\›X][Ы—Ь™\]Z\™YШ™Y›Ь™WШ[ћWШќ[ЧЬX›\Ъ€ќYHJNВ€JNВџB